
Microsoft Visual Studio Solution File, Format Version 12.00
# Visual Studio Version 17
VisualStudioVersion = 17.10.34928.147
MinimumVisualStudioVersion = 10.0.40219.1
Project("{FAE04EC0-301F-11D3-BF4B-00C04F79EFBC}") = "ConnectDB", "ConnectDB.csproj", "{D5694607-FB76-4447-91A1-320F03552BAB}"
EndProject
Global
	GlobalSection(SolutionConfigurationPlatforms) = preSolution
		Debug|Any CPU = Debug|Any CPU
		Release|Any CPU = Release|Any CPU
	EndGlobalSection
	GlobalSection(ProjectConfigurationPlatforms) = postSolution
		{D5694607-FB76-4447-91A1-320F03552BAB}.Debug|Any CPU.ActiveCfg = Debug|Any CPU
		{D5694607-FB76-4447-91A1-320F03552BAB}.Debug|Any CPU.Build.0 = Debug|Any CPU
		{D5694607-FB76-4447-91A1-320F03552BAB}.Release|Any CPU.ActiveCfg = Release|Any CPU
		{D5694607-FB76-4447-91A1-320F03552BAB}.Release|Any CPU.Build.0 = Release|Any CPU
	EndGlobalSection
	GlobalSection(SolutionProperties) = preSolution
		HideSolutionNode = FALSE
	EndGlobalSection
	GlobalSection(ExtensibilityGlobals) = postSolution
		SolutionGuid = {0BEE73BE-CF72-49D5-BDA6-42F9CEDE5C79}
	EndGlobalSection
EndGlobal
