
Microsoft Visual Studio Solution File, Format Version 12.00
# Visual Studio Version 17
VisualStudioVersion = 17.10.34928.147
MinimumVisualStudioVersion = 10.0.40219.1
Project("{FAE04EC0-301F-11D3-BF4B-00C04F79EFBC}") = "ConversorDivisasConsole", "ConversorDivisasConsole.csproj", "{412385CA-1C08-410E-80C7-4AC4B97B2CA6}"
EndProject
Project("{FAE04EC0-301F-11D3-BF4B-00C04F79EFBC}") = "ConnectApiREST", "..\..\..\automation\API_REST\CSharp\ConnectApiREST\ConnectApiREST.csproj", "{FA9E4C2A-D834-4DA9-906D-8E11EC24EA8F}"
EndProject
Global
	GlobalSection(SolutionConfigurationPlatforms) = preSolution
		Debug|Any CPU = Debug|Any CPU
		Release|Any CPU = Release|Any CPU
	EndGlobalSection
	GlobalSection(ProjectConfigurationPlatforms) = postSolution
		{412385CA-1C08-410E-80C7-4AC4B97B2CA6}.Debug|Any CPU.ActiveCfg = Debug|Any CPU
		{412385CA-1C08-410E-80C7-4AC4B97B2CA6}.Debug|Any CPU.Build.0 = Debug|Any CPU
		{412385CA-1C08-410E-80C7-4AC4B97B2CA6}.Release|Any CPU.ActiveCfg = Release|Any CPU
		{412385CA-1C08-410E-80C7-4AC4B97B2CA6}.Release|Any CPU.Build.0 = Release|Any CPU
		{FA9E4C2A-D834-4DA9-906D-8E11EC24EA8F}.Debug|Any CPU.ActiveCfg = Debug|Any CPU
		{FA9E4C2A-D834-4DA9-906D-8E11EC24EA8F}.Debug|Any CPU.Build.0 = Debug|Any CPU
		{FA9E4C2A-D834-4DA9-906D-8E11EC24EA8F}.Release|Any CPU.ActiveCfg = Release|Any CPU
		{FA9E4C2A-D834-4DA9-906D-8E11EC24EA8F}.Release|Any CPU.Build.0 = Release|Any CPU
	EndGlobalSection
	GlobalSection(SolutionProperties) = preSolution
		HideSolutionNode = FALSE
	EndGlobalSection
	GlobalSection(ExtensibilityGlobals) = postSolution
		SolutionGuid = {700C8B8F-4FAE-46AF-80BD-DCF91F14E9ED}
	EndGlobalSection
EndGlobal
